// !$*UTF8*$!
{
	archiveVersion = 1;
	classes = {
	};
	objectVersion = 46;
	objects = {

/* Begin PBXBuildFile section */
		B2D647A1181A1136005E353E /* Foundation.framework in Frameworks */ = {isa = PBXBuildFile; fileRef = B2D647A0181A1136005E353E /* Foundation.framework */; };
		B2D647A3181A1136005E353E /* CoreGraphics.framework in Frameworks */ = {isa = PBXBuildFile; fileRef = B2D647A2181A1136005E353E /* CoreGraphics.framework */; };
		B2D647A5181A1136005E353E /* UIKit.framework in Frameworks */ = {isa = PBXBuildFile; fileRef = B2D647A4181A1136005E353E /* UIKit.framework */; };
		B2D647AB181A1136005E353E /* InfoPlist.strings in Resources */ = {isa = PBXBuildFile; fileRef = B2D647A9181A1136005E353E /* InfoPlist.strings */; };
		B2D647AD181A1136005E353E /* main.m in Sources */ = {isa = PBXBuildFile; fileRef = B2D647AC181A1136005E353E /* main.m */; };
		B2D647B1181A1137005E353E /* HLLAppDelegate.m in Sources */ = {isa = PBXBuildFile; fileRef = B2D647B0181A1137005E353E /* HLLAppDelegate.m */; };
		B2D647B4181A1137005E353E /* Main.storyboard in Resources */ = {isa = PBXBuildFile; fileRef = B2D647B2181A1137005E353E /* Main.storyboard */; };
		B2D647B7181A1137005E353E /* HLLViewController.m in Sources */ = {isa = PBXBuildFile; fileRef = B2D647B6181A1137005E353E /* HLLViewController.m */; };
		B2D647B9181A1137005E353E /* Images.xcassets in Resources */ = {isa = PBXBuildFile; fileRef = B2D647B8181A1137005E353E /* Images.xcassets */; };
		B2D647C0181A1137005E353E /* XCTest.framework in Frameworks */ = {isa = PBXBuildFile; fileRef = B2D647BF181A1137005E353E /* XCTest.framework */; };
		B2D647C1181A1137005E353E /* Foundation.framework in Frameworks */ = {isa = PBXBuildFile; fileRef = B2D647A0181A1136005E353E /* Foundation.framework */; };
		B2D647C2181A1137005E353E /* UIKit.framework in Frameworks */ = {isa = PBXBuildFile; fileRef = B2D647A4181A1136005E353E /* UIKit.framework */; };
		B2D647CA181A1137005E353E /* InfoPlist.strings in Resources */ = {isa = PBXBuildFile; fileRef = B2D647C8181A1137005E353E /* InfoPlist.strings */; };
		B2D647CC181A1137005E353E /* HLLFontDemoTests.m in Sources */ = {isa = PBXBuildFile; fileRef = B2D647CB181A1137005E353E /* HLLFontDemoTests.m */; };
		B2D647E5181A14E7005E353E /* UIFont+HLLFont.m in Sources */ = {isa = PBXBuildFile; fileRef = B2D647E1181A1473005E353E /* UIFont+HLLFont.m */; };
/* End PBXBuildFile section */

/* Begin PBXContainerItemProxy section */
		B2D647C3181A1137005E353E /* PBXContainerItemProxy */ = {
			isa = PBXContainerItemProxy;
			containerPortal = B2D64795181A1136005E353E /* Project object */;
			proxyType = 1;
			remoteGlobalIDString = B2D6479C181A1136005E353E;
			remoteInfo = HLLFontDemo;
		};
/* End PBXContainerItemProxy section */

/* Begin PBXFileReference section */
		B2D6479D181A1136005E353E /* HLLFontDemo.app */ = {isa = PBXFileReference; explicitFileType = wrapper.application; includeInIndex = 0; path = HLLFontDemo.app; sourceTree = BUILT_PRODUCTS_DIR; };
		B2D647A0181A1136005E353E /* Foundation.framework */ = {isa = PBXFileReference; lastKnownFileType = wrapper.framework; name = Foundation.framework; path = System/Library/Frameworks/Foundation.framework; sourceTree = SDKROOT; };
		B2D647A2181A1136005E353E /* CoreGraphics.framework */ = {isa = PBXFileReference; lastKnownFileType = wrapper.framework; name = CoreGraphics.framework; path = System/Library/Frameworks/CoreGraphics.framework; sourceTree = SDKROOT; };
		B2D647A4181A1136005E353E /* UIKit.framework */ = {isa = PBXFileReference; lastKnownFileType = wrapper.framework; name = UIKit.framework; path = System/Library/Frameworks/UIKit.framework; sourceTree = SDKROOT; };
		B2D647A8181A1136005E353E /* HLLFontDemo-Info.plist */ = {isa = PBXFileReference; lastKnownFileType = text.plist.xml; path = "HLLFontDemo-Info.plist"; sourceTree = "<group>"; };
		B2D647AA181A1136005E353E /* en */ = {isa = PBXFileReference; lastKnownFileType = text.plist.strings; name = en; path = en.lproj/InfoPlist.strings; sourceTree = "<group>"; };
		B2D647AC181A1136005E353E /* main.m */ = {isa = PBXFileReference; lastKnownFileType = sourcecode.c.objc; path = main.m; sourceTree = "<group>"; };
		B2D647AE181A1136005E353E /* HLLFontDemo-Prefix.pch */ = {isa = PBXFileReference; lastKnownFileType = sourcecode.c.h; path = "HLLFontDemo-Prefix.pch"; sourceTree = "<group>"; };
		B2D647AF181A1137005E353E /* HLLAppDelegate.h */ = {isa = PBXFileReference; lastKnownFileType = sourcecode.c.h; path = HLLAppDelegate.h; sourceTree = "<group>"; };
		B2D647B0181A1137005E353E /* HLLAppDelegate.m */ = {isa = PBXFileReference; lastKnownFileType = sourcecode.c.objc; path = HLLAppDelegate.m; sourceTree = "<group>"; };
		B2D647B3181A1137005E353E /* Base */ = {isa = PBXFileReference; lastKnownFileType = file.storyboard; name = Base; path = Base.lproj/Main.storyboard; sourceTree = "<group>"; };
		B2D647B5181A1137005E353E /* HLLViewController.h */ = {isa = PBXFileReference; lastKnownFileType = sourcecode.c.h; path = HLLViewController.h; sourceTree = "<group>"; };
		B2D647B6181A1137005E353E /* HLLViewController.m */ = {isa = PBXFileReference; lastKnownFileType = sourcecode.c.objc; path = HLLViewController.m; sourceTree = "<group>"; };
		B2D647B8181A1137005E353E /* Images.xcassets */ = {isa = PBXFileReference; lastKnownFileType = folder.assetcatalog; path = Images.xcassets; sourceTree = "<group>"; };
		B2D647BE181A1137005E353E /* HLLFontDemoTests.xctest */ = {isa = PBXFileReference; explicitFileType = wrapper.cfbundle; includeInIndex = 0; path = HLLFontDemoTests.xctest; sourceTree = BUILT_PRODUCTS_DIR; };
		B2D647BF181A1137005E353E /* XCTest.framework */ = {isa = PBXFileReference; lastKnownFileType = wrapper.framework; name = XCTest.framework; path = Library/Frameworks/XCTest.framework; sourceTree = DEVELOPER_DIR; };
		B2D647C7181A1137005E353E /* HLLFontDemoTests-Info.plist */ = {isa = PBXFileReference; lastKnownFileType = text.plist.xml; path = "HLLFontDemoTests-Info.plist"; sourceTree = "<group>"; };
		B2D647C9181A1137005E353E /* en */ = {isa = PBXFileReference; lastKnownFileType = text.plist.strings; name = en; path = en.lproj/InfoPlist.strings; sourceTree = "<group>"; };
		B2D647CB181A1137005E353E /* HLLFontDemoTests.m */ = {isa = PBXFileReference; lastKnownFileType = sourcecode.c.objc; path = HLLFontDemoTests.m; sourceTree = "<group>"; };
		B2D647DE181A1330005E353E /* libHLLFont.a */ = {isa = PBXFileReference; lastKnownFileType = archive.ar; name = libHLLFont.a; path = "../../../../Library/Developer/Xcode/DerivedData/HLLFont-agzfarynjjywqcclivelgjtsskvl/Build/Products/Debug-iphoneos/libHLLFont.a"; sourceTree = "<group>"; };
		B2D647E0181A1473005E353E /* UIFont+HLLFont.h */ = {isa = PBXFileReference; fileEncoding = 4; lastKnownFileType = sourcecode.c.h; name = "UIFont+HLLFont.h"; path = "../HLLFont/UIFont+HLLFont.h"; sourceTree = "<group>"; };
		B2D647E1181A1473005E353E /* UIFont+HLLFont.m */ = {isa = PBXFileReference; fileEncoding = 4; lastKnownFileType = sourcecode.c.objc; name = "UIFont+HLLFont.m"; path = "../HLLFont/UIFont+HLLFont.m"; sourceTree = "<group>"; };
/* End PBXFileReference section */

/* Begin PBXFrameworksBuildPhase section */
		B2D6479A181A1136005E353E /* Frameworks */ = {
			isa = PBXFrameworksBuildPhase;
			buildActionMask = 2147483647;
			files = (
				B2D647A3181A1136005E353E /* CoreGraphics.framework in Frameworks */,
				B2D647A5181A1136005E353E /* UIKit.framework in Frameworks */,
				B2D647A1181A1136005E353E /* Foundation.framework in Frameworks */,
			);
			runOnlyForDeploymentPostprocessing = 0;
		};
		B2D647BB181A1137005E353E /* Frameworks */ = {
			isa = PBXFrameworksBuildPhase;
			buildActionMask = 2147483647;
			files = (
				B2D647C0181A1137005E353E /* XCTest.framework in Frameworks */,
				B2D647C2181A1137005E353E /* UIKit.framework in Frameworks */,
				B2D647C1181A1137005E353E /* Foundation.framework in Frameworks */,
			);
			runOnlyForDeploymentPostprocessing = 0;
		};
/* End PBXFrameworksBuildPhase section */

/* Begin PBXGroup section */
		B2D64794181A1136005E353E = {
			isa = PBXGroup;
			children = (
				B2D647E4181A147B005E353E /* HLLFont */,
				B2D647A6181A1136005E353E /* HLLFontDemo */,
				B2D647C5181A1137005E353E /* HLLFontDemoTests */,
				B2D6479F181A1136005E353E /* Frameworks */,
				B2D6479E181A1136005E353E /* Products */,
			);
			sourceTree = "<group>";
		};
		B2D6479E181A1136005E353E /* Products */ = {
			isa = PBXGroup;
			children = (
				B2D6479D181A1136005E353E /* HLLFontDemo.app */,
				B2D647BE181A1137005E353E /* HLLFontDemoTests.xctest */,
			);
			name = Products;
			sourceTree = "<group>";
		};
		B2D6479F181A1136005E353E /* Frameworks */ = {
			isa = PBXGroup;
			children = (
				B2D647DE181A1330005E353E /* libHLLFont.a */,
				B2D647A0181A1136005E353E /* Foundation.framework */,
				B2D647A2181A1136005E353E /* CoreGraphics.framework */,
				B2D647A4181A1136005E353E /* UIKit.framework */,
				B2D647BF181A1137005E353E /* XCTest.framework */,
			);
			name = Frameworks;
			sourceTree = "<group>";
		};
		B2D647A6181A1136005E353E /* HLLFontDemo */ = {
			isa = PBXGroup;
			children = (
				B2D647AF181A1137005E353E /* HLLAppDelegate.h */,
				B2D647B0181A1137005E353E /* HLLAppDelegate.m */,
				B2D647B2181A1137005E353E /* Main.storyboard */,
				B2D647B5181A1137005E353E /* HLLViewController.h */,
				B2D647B6181A1137005E353E /* HLLViewController.m */,
				B2D647B8181A1137005E353E /* Images.xcassets */,
				B2D647A7181A1136005E353E /* Supporting Files */,
			);
			path = HLLFontDemo;
			sourceTree = "<group>";
		};
		B2D647A7181A1136005E353E /* Supporting Files */ = {
			isa = PBXGroup;
			children = (
				B2D647A8181A1136005E353E /* HLLFontDemo-Info.plist */,
				B2D647A9181A1136005E353E /* InfoPlist.strings */,
				B2D647AC181A1136005E353E /* main.m */,
				B2D647AE181A1136005E353E /* HLLFontDemo-Prefix.pch */,
			);
			name = "Supporting Files";
			sourceTree = "<group>";
		};
		B2D647C5181A1137005E353E /* HLLFontDemoTests */ = {
			isa = PBXGroup;
			children = (
				B2D647CB181A1137005E353E /* HLLFontDemoTests.m */,
				B2D647C6181A1137005E353E /* Supporting Files */,
			);
			path = HLLFontDemoTests;
			sourceTree = "<group>";
		};
		B2D647C6181A1137005E353E /* Supporting Files */ = {
			isa = PBXGroup;
			children = (
				B2D647C7181A1137005E353E /* HLLFontDemoTests-Info.plist */,
				B2D647C8181A1137005E353E /* InfoPlist.strings */,
			);
			name = "Supporting Files";
			sourceTree = "<group>";
		};
		B2D647E4181A147B005E353E /* HLLFont */ = {
			isa = PBXGroup;
			children = (
				B2D647E0181A1473005E353E /* UIFont+HLLFont.h */,
				B2D647E1181A1473005E353E /* UIFont+HLLFont.m */,
			);
			name = HLLFont;
			sourceTree = "<group>";
		};
/* End PBXGroup section */

/* Begin PBXNativeTarget section */
		B2D6479C181A1136005E353E /* HLLFontDemo */ = {
			isa = PBXNativeTarget;
			buildConfigurationList = B2D647CF181A1137005E353E /* Build configuration list for PBXNativeTarget "HLLFontDemo" */;
			buildPhases = (
				B2D64799181A1136005E353E /* Sources */,
				B2D6479A181A1136005E353E /* Frameworks */,
				B2D6479B181A1136005E353E /* Resources */,
			);
			buildRules = (
			);
			dependencies = (
			);
			name = HLLFontDemo;
			productName = HLLFontDemo;
			productReference = B2D6479D181A1136005E353E /* HLLFontDemo.app */;
			productType = "com.apple.product-type.application";
		};
		B2D647BD181A1137005E353E /* HLLFontDemoTests */ = {
			isa = PBXNativeTarget;
			buildConfigurationList = B2D647D2181A1137005E353E /* Build configuration list for PBXNativeTarget "HLLFontDemoTests" */;
			buildPhases = (
				B2D647BA181A1137005E353E /* Sources */,
				B2D647BB181A1137005E353E /* Frameworks */,
				B2D647BC181A1137005E353E /* Resources */,
			);
			buildRules = (
			);
			dependencies = (
				B2D647C4181A1137005E353E /* PBXTargetDependency */,
			);
			name = HLLFontDemoTests;
			productName = HLLFontDemoTests;
			productReference = B2D647BE181A1137005E353E /* HLLFontDemoTests.xctest */;
			productType = "com.apple.product-type.bundle.unit-test";
		};
/* End PBXNativeTarget section */

/* Begin PBXProject section */
		B2D64795181A1136005E353E /* Project object */ = {
			isa = PBXProject;
			attributes = {
				CLASSPREFIX = HLL;
				LastUpgradeCheck = 0500;
				ORGANIZATIONNAME = CouldHll;
				TargetAttributes = {
					B2D647BD181A1137005E353E = {
						TestTargetID = B2D6479C181A1136005E353E;
					};
				};
			};
			buildConfigurationList = B2D64798181A1136005E353E /* Build configuration list for PBXProject "HLLFontDemo" */;
			compatibilityVersion = "Xcode 3.2";
			developmentRegion = English;
			hasScannedForEncodings = 0;
			knownRegions = (
				en,
				Base,
			);
			mainGroup = B2D64794181A1136005E353E;
			productRefGroup = B2D6479E181A1136005E353E /* Products */;
			projectDirPath = "";
			projectRoot = "";
			targets = (
				B2D6479C181A1136005E353E /* HLLFontDemo */,
				B2D647BD181A1137005E353E /* HLLFontDemoTests */,
			);
		};
/* End PBXProject section */

/* Begin PBXResourcesBuildPhase section */
		B2D6479B181A1136005E353E /* Resources */ = {
			isa = PBXResourcesBuildPhase;
			buildActionMask = 2147483647;
			files = (
				B2D647B9181A1137005E353E /* Images.xcassets in Resources */,
				B2D647AB181A1136005E353E /* InfoPlist.strings in Resources */,
				B2D647B4181A1137005E353E /* Main.storyboard in Resources */,
			);
			runOnlyForDeploymentPostprocessing = 0;
		};
		B2D647BC181A1137005E353E /* Resources */ = {
			isa = PBXResourcesBuildPhase;
			buildActionMask = 2147483647;
			files = (
				B2D647CA181A1137005E353E /* InfoPlist.strings in Resources */,
			);
			runOnlyForDeploymentPostprocessing = 0;
		};
/* End PBXResourcesBuildPhase section */

/* Begin PBXSourcesBuildPhase section */
		B2D64799181A1136005E353E /* Sources */ = {
			isa = PBXSourcesBuildPhase;
			buildActionMask = 2147483647;
			files = (
				B2D647E5181A14E7005E353E /* UIFont+HLLFont.m in Sources */,
				B2D647AD181A1136005E353E /* main.m in Sources */,
				B2D647B1181A1137005E353E /* HLLAppDelegate.m in Sources */,
				B2D647B7181A1137005E353E /* HLLViewController.m in Sources */,
			);
			runOnlyForDeploymentPostprocessing = 0;
		};
		B2D647BA181A1137005E353E /* Sources */ = {
			isa = PBXSourcesBuildPhase;
			buildActionMask = 2147483647;
			files = (
				B2D647CC181A1137005E353E /* HLLFontDemoTests.m in Sources */,
			);
			runOnlyForDeploymentPostprocessing = 0;
		};
/* End PBXSourcesBuildPhase section */

/* Begin PBXTargetDependency section */
		B2D647C4181A1137005E353E /* PBXTargetDependency */ = {
			isa = PBXTargetDependency;
			target = B2D6479C181A1136005E353E /* HLLFontDemo */;
			targetProxy = B2D647C3181A1137005E353E /* PBXContainerItemProxy */;
		};
/* End PBXTargetDependency section */

/* Begin PBXVariantGroup section */
		B2D647A9181A1136005E353E /* InfoPlist.strings */ = {
			isa = PBXVariantGroup;
			children = (
				B2D647AA181A1136005E353E /* en */,
			);
			name = InfoPlist.strings;
			sourceTree = "<group>";
		};
		B2D647B2181A1137005E353E /* Main.storyboard */ = {
			isa = PBXVariantGroup;
			children = (
				B2D647B3181A1137005E353E /* Base */,
			);
			name = Main.storyboard;
			sourceTree = "<group>";
		};
		B2D647C8181A1137005E353E /* InfoPlist.strings */ = {
			isa = PBXVariantGroup;
			children = (
				B2D647C9181A1137005E353E /* en */,
			);
			name = InfoPlist.strings;
			sourceTree = "<group>";
		};
/* End PBXVariantGroup section */

/* Begin XCBuildConfiguration section */
		B2D647CD181A1137005E353E /* Debug */ = {
			isa = XCBuildConfiguration;
			buildSettings = {
				ALWAYS_SEARCH_USER_PATHS = NO;
				ARCHS = "$(ARCHS_STANDARD_INCLUDING_64_BIT)";
				CLANG_CXX_LANGUAGE_STANDARD = "gnu++0x";
				CLANG_CXX_LIBRARY = "libc++";
				CLANG_ENABLE_MODULES = YES;
				CLANG_ENABLE_OBJC_ARC = YES;
				CLANG_WARN_BOOL_CONVERSION = YES;
				CLANG_WARN_CONSTANT_CONVERSION = YES;
				CLANG_WARN_DIRECT_OBJC_ISA_USAGE = YES_ERROR;
				CLANG_WARN_EMPTY_BODY = YES;
				CLANG_WARN_ENUM_CONVERSION = YES;
				CLANG_WARN_INT_CONVERSION = YES;
				CLANG_WARN_OBJC_ROOT_CLASS = YES_ERROR;
				CLANG_WARN__DUPLICATE_METHOD_MATCH = YES;
				"CODE_SIGN_IDENTITY[sdk=iphoneos*]" = "iPhone Developer";
				COPY_PHASE_STRIP = NO;
				GCC_C_LANGUAGE_STANDARD = gnu99;
				GCC_DYNAMIC_NO_PIC = NO;
				GCC_OPTIMIZATION_LEVEL = 0;
				GCC_PREPROCESSOR_DEFINITIONS = (
					"DEBUG=1",
					"$(inherited)",
				);
				GCC_SYMBOLS_PRIVATE_EXTERN = NO;
				GCC_WARN_64_TO_32_BIT_CONVERSION = YES;
				GCC_WARN_ABOUT_RETURN_TYPE = YES_ERROR;
				GCC_WARN_UNDECLARED_SELECTOR = YES;
				GCC_WARN_UNINITIALIZED_AUTOS = YES;
				GCC_WARN_UNUSED_FUNCTION = YES;
				GCC_WARN_UNUSED_VARIABLE = YES;
				IPHONEOS_DEPLOYMENT_TARGET = 5.0;
				ONLY_ACTIVE_ARCH = YES;
				SDKROOT = iphoneos;
			};
			name = Debug;
		};
		B2D647CE181A1137005E353E /* Release */ = {
			isa = XCBuildConfiguration;
			buildSettings = {
				ALWAYS_SEARCH_USER_PATHS = NO;
				ARCHS = "$(ARCHS_STANDARD_INCLUDING_64_BIT)";
				CLANG_CXX_LANGUAGE_STANDARD = "gnu++0x";
				CLANG_CXX_LIBRARY = "libc++";
				CLANG_ENABLE_MODULES = YES;
				CLANG_ENABLE_OBJC_ARC = YES;
				CLANG_WARN_BOOL_CONVERSION = YES;
				CLANG_WARN_CONSTANT_CONVERSION = YES;
				CLANG_WARN_DIRECT_OBJC_ISA_USAGE = YES_ERROR;
				CLANG_WARN_EMPTY_BODY = YES;
				CLANG_WARN_ENUM_CONVERSION = YES;
				CLANG_WARN_INT_CONVERSION = YES;
				CLANG_WARN_OBJC_ROOT_CLASS = YES_ERROR;
				CLANG_WARN__DUPLICATE_METHOD_MATCH = YES;
				"CODE_SIGN_IDENTITY[sdk=iphoneos*]" = "iPhone Developer";
				COPY_PHASE_STRIP = YES;
				ENABLE_NS_ASSERTIONS = NO;
				GCC_C_LANGUAGE_STANDARD = gnu99;
				GCC_WARN_64_TO_32_BIT_CONVERSION = YES;
				GCC_WARN_ABOUT_RETURN_TYPE = YES_ERROR;
				GCC_WARN_UNDECLARED_SELECTOR = YES;
				GCC_WARN_UNINITIALIZED_AUTOS = YES;
				GCC_WARN_UNUSED_FUNCTION = YES;
				GCC_WARN_UNUSED_VARIABLE = YES;
				IPHONEOS_DEPLOYMENT_TARGET = 5.0;
				SDKROOT = iphoneos;
				VALIDATE_PRODUCT = YES;
			};
			name = Release;
		};
		B2D647D0181A1137005E353E /* Debug */ = {
			isa = XCBuildConfiguration;
			buildSettings = {
				ASSETCATALOG_COMPILER_APPICON_NAME = AppIcon;
				ASSETCATALOG_COMPILER_LAUNCHIMAGE_NAME = LaunchImage;
				GCC_PRECOMPILE_PREFIX_HEADER = YES;
				GCC_PREFIX_HEADER = "HLLFontDemo/HLLFontDemo-Prefix.pch";
				HEADER_SEARCH_PATHS = (
					"$(inherited)",
					/Applications/Xcode.app/Contents/Developer/Toolchains/XcodeDefault.xctoolchain/usr/include,
				);
				INFOPLIST_FILE = "HLLFontDemo/HLLFontDemo-Info.plist";
				LIBRARY_SEARCH_PATHS = (
					"$(inherited)",
					"$(USER_LIBRARY_DIR)/Developer/Xcode/DerivedData/HLLFont-agzfarynjjywqcclivelgjtsskvl/Build/Products/Debug-iphoneos",
				);
				PRODUCT_NAME = "$(TARGET_NAME)";
				WRAPPER_EXTENSION = app;
			};
			name = Debug;
		};
		B2D647D1181A1137005E353E /* Release */ = {
			isa = XCBuildConfiguration;
			buildSettings = {
				ASSETCATALOG_COMPILER_APPICON_NAME = AppIcon;
				ASSETCATALOG_COMPILER_LAUNCHIMAGE_NAME = LaunchImage;
				GCC_PRECOMPILE_PREFIX_HEADER = YES;
				GCC_PREFIX_HEADER = "HLLFontDemo/HLLFontDemo-Prefix.pch";
				HEADER_SEARCH_PATHS = (
					"$(inherited)",
					/Applications/Xcode.app/Contents/Developer/Toolchains/XcodeDefault.xctoolchain/usr/include,
				);
				INFOPLIST_FILE = "HLLFontDemo/HLLFontDemo-Info.plist";
				LIBRARY_SEARCH_PATHS = (
					"$(inherited)",
					"$(USER_LIBRARY_DIR)/Developer/Xcode/DerivedData/HLLFont-agzfarynjjywqcclivelgjtsskvl/Build/Products/Debug-iphoneos",
				);
				PRODUCT_NAME = "$(TARGET_NAME)";
				WRAPPER_EXTENSION = app;
			};
			name = Release;
		};
		B2D647D3181A1137005E353E /* Debug */ = {
			isa = XCBuildConfiguration;
			buildSettings = {
				ARCHS = "$(ARCHS_STANDARD_INCLUDING_64_BIT)";
				BUNDLE_LOADER = "$(BUILT_PRODUCTS_DIR)/HLLFontDemo.app/HLLFontDemo";
				FRAMEWORK_SEARCH_PATHS = (
					"$(SDKROOT)/Developer/Library/Frameworks",
					"$(inherited)",
					"$(DEVELOPER_FRAMEWORKS_DIR)",
				);
				GCC_PRECOMPILE_PREFIX_HEADER = YES;
				GCC_PREFIX_HEADER = "HLLFontDemo/HLLFontDemo-Prefix.pch";
				GCC_PREPROCESSOR_DEFINITIONS = (
					"DEBUG=1",
					"$(inherited)",
				);
				INFOPLIST_FILE = "HLLFontDemoTests/HLLFontDemoTests-Info.plist";
				PRODUCT_NAME = "$(TARGET_NAME)";
				TEST_HOST = "$(BUNDLE_LOADER)";
				WRAPPER_EXTENSION = xctest;
			};
			name = Debug;
		};
		B2D647D4181A1137005E353E /* Release */ = {
			isa = XCBuildConfiguration;
			buildSettings = {
				ARCHS = "$(ARCHS_STANDARD_INCLUDING_64_BIT)";
				BUNDLE_LOADER = "$(BUILT_PRODUCTS_DIR)/HLLFontDemo.app/HLLFontDemo";
				FRAMEWORK_SEARCH_PATHS = (
					"$(SDKROOT)/Developer/Library/Frameworks",
					"$(inherited)",
					"$(DEVELOPER_FRAMEWORKS_DIR)",
				);
				GCC_PRECOMPILE_PREFIX_HEADER = YES;
				GCC_PREFIX_HEADER = "HLLFontDemo/HLLFontDemo-Prefix.pch";
				INFOPLIST_FILE = "HLLFontDemoTests/HLLFontDemoTests-Info.plist";
				PRODUCT_NAME = "$(TARGET_NAME)";
				TEST_HOST = "$(BUNDLE_LOADER)";
				WRAPPER_EXTENSION = xctest;
			};
			name = Release;
		};
/* End XCBuildConfiguration section */

/* Begin XCConfigurationList section */
		B2D64798181A1136005E353E /* Build configuration list for PBXProject "HLLFontDemo" */ = {
			isa = XCConfigurationList;
			buildConfigurations = (
				B2D647CD181A1137005E353E /* Debug */,
				B2D647CE181A1137005E353E /* Release */,
			);
			defaultConfigurationIsVisible = 0;
			defaultConfigurationName = Release;
		};
		B2D647CF181A1137005E353E /* Build configuration list for PBXNativeTarget "HLLFontDemo" */ = {
			isa = XCConfigurationList;
			buildConfigurations = (
				B2D647D0181A1137005E353E /* Debug */,
				B2D647D1181A1137005E353E /* Release */,
			);
			defaultConfigurationIsVisible = 0;
			defaultConfigurationName = Release;
		};
		B2D647D2181A1137005E353E /* Build configuration list for PBXNativeTarget "HLLFontDemoTests" */ = {
			isa = XCConfigurationList;
			buildConfigurations = (
				B2D647D3181A1137005E353E /* Debug */,
				B2D647D4181A1137005E353E /* Release */,
			);
			defaultConfigurationIsVisible = 0;
			defaultConfigurationName = Release;
		};
/* End XCConfigurationList section */
	};
	rootObject = B2D64795181A1136005E353E /* Project object */;
}
